
Microsoft Visual Studio Solution File, Format Version 12.00
# Visual Studio Version 17
VisualStudioVersion = 17.14.36623.8 d17.14
MinimumVisualStudioVersion = 10.0.40219.1
Project("{FAE04EC0-301F-11D3-BF4B-00C04F79EFBC}") = "graphSNA", "src\graphSNA.csproj", "{ABFDD3D7-6F78-4AFB-AE53-4FB69A2D53EB}"
EndProject
Global
	GlobalSection(SolutionConfigurationPlatforms) = preSolution
		Debug|Any CPU = Debug|Any CPU
		Release|Any CPU = Release|Any CPU
	EndGlobalSection
	GlobalSection(ProjectConfigurationPlatforms) = postSolution
		{ABFDD3D7-6F78-4AFB-AE53-4FB69A2D53EB}.Debug|Any CPU.ActiveCfg = Debug|Any CPU
		{ABFDD3D7-6F78-4AFB-AE53-4FB69A2D53EB}.Debug|Any CPU.Build.0 = Debug|Any CPU
		{ABFDD3D7-6F78-4AFB-AE53-4FB69A2D53EB}.Release|Any CPU.ActiveCfg = Release|Any CPU
		{ABFDD3D7-6F78-4AFB-AE53-4FB69A2D53EB}.Release|Any CPU.Build.0 = Release|Any CPU
	EndGlobalSection
	GlobalSection(SolutionProperties) = preSolution
		HideSolutionNode = FALSE
	EndGlobalSection
	GlobalSection(ExtensibilityGlobals) = postSolution
		SolutionGuid = {B9A9C88C-62FE-4D5A-8569-BCF033C769CD}
	EndGlobalSection
EndGlobal
